
Microsoft Visual Studio Solution File, Format Version 12.00
# Visual Studio Version 17
VisualStudioVersion = 17.3.32922.545
MinimumVisualStudioVersion = 10.0.40219.1
Project("{FAE04EC0-301F-11D3-BF4B-00C04F79EFBC}") = "SimpleDiscordAIBot", "SimpleDiscordAIBot.csproj", "{D9792581-33FB-464F-973E-2FE315480BA2}"
EndProject
Global
	GlobalSection(SolutionConfigurationPlatforms) = preSolution
		Debug|Any CPU = Debug|Any CPU
		Release|Any CPU = Release|Any CPU
	EndGlobalSection
	GlobalSection(ProjectConfigurationPlatforms) = postSolution
		{D9792581-33FB-464F-973E-2FE315480BA2}.Debug|Any CPU.ActiveCfg = Debug|Any CPU
		{D9792581-33FB-464F-973E-2FE315480BA2}.Debug|Any CPU.Build.0 = Debug|Any CPU
		{D9792581-33FB-464F-973E-2FE315480BA2}.Release|Any CPU.ActiveCfg = Release|Any CPU
		{D9792581-33FB-464F-973E-2FE315480BA2}.Release|Any CPU.Build.0 = Release|Any CPU
	EndGlobalSection
	GlobalSection(SolutionProperties) = preSolution
		HideSolutionNode = FALSE
	EndGlobalSection
	GlobalSection(ExtensibilityGlobals) = postSolution
		SolutionGuid = {161B96D9-3AA9-4F58-9B1C-51F2FB0868CB}
	EndGlobalSection
EndGlobal
